
Microsoft Visual Studio Solution File, Format Version 12.00
# Visual Studio Version 17
VisualStudioVersion = 17.1.32319.34
MinimumVisualStudioVersion = 10.0.40219.1
Project("{54A90642-561A-4BB1-A94E-469ADEE60C69}") = "IDBWeatherForecast", "IDBWeatherForecast\IDBWeatherForecast.esproj", "{0185E3E4-90B0-4BD2-961E-9114BB253E59}"
EndProject
Project("{FAE04EC0-301F-11D3-BF4B-00C04F79EFBC}") = "IDBWeatherForecastBackend", "IDBWeatherForecastBackend\IDBWeatherForecastBackend.csproj", "{8230E7FF-E4AD-4BDE-9237-07F2A975411B}"
EndProject
Global
	GlobalSection(SolutionConfigurationPlatforms) = preSolution
		Debug|Any CPU = Debug|Any CPU
		Release|Any CPU = Release|Any CPU
	EndGlobalSection
	GlobalSection(ProjectConfigurationPlatforms) = postSolution
		{0185E3E4-90B0-4BD2-961E-9114BB253E59}.Debug|Any CPU.ActiveCfg = Debug|Any CPU
		{0185E3E4-90B0-4BD2-961E-9114BB253E59}.Debug|Any CPU.Build.0 = Debug|Any CPU
		{0185E3E4-90B0-4BD2-961E-9114BB253E59}.Debug|Any CPU.Deploy.0 = Debug|Any CPU
		{0185E3E4-90B0-4BD2-961E-9114BB253E59}.Release|Any CPU.ActiveCfg = Release|Any CPU
		{0185E3E4-90B0-4BD2-961E-9114BB253E59}.Release|Any CPU.Build.0 = Release|Any CPU
		{0185E3E4-90B0-4BD2-961E-9114BB253E59}.Release|Any CPU.Deploy.0 = Release|Any CPU
		{8230E7FF-E4AD-4BDE-9237-07F2A975411B}.Debug|Any CPU.ActiveCfg = Debug|Any CPU
		{8230E7FF-E4AD-4BDE-9237-07F2A975411B}.Debug|Any CPU.Build.0 = Debug|Any CPU
		{8230E7FF-E4AD-4BDE-9237-07F2A975411B}.Release|Any CPU.ActiveCfg = Release|Any CPU
		{8230E7FF-E4AD-4BDE-9237-07F2A975411B}.Release|Any CPU.Build.0 = Release|Any CPU
	EndGlobalSection
	GlobalSection(SolutionProperties) = preSolution
		HideSolutionNode = FALSE
	EndGlobalSection
	GlobalSection(ExtensibilityGlobals) = postSolution
		SolutionGuid = {5478D341-4B80-4274-A83D-193DBE7B21AE}
	EndGlobalSection
EndGlobal
